<Solution>
  <Folder Name="/tests/">
    <Project Path="tests/CreditCalculator.Api.IntegrationTests/CreditCalculator.Api.IntegrationTests.csproj" />
    <Project Path="tests/CreditCalculator.Application.Tests/CreditCalculator.Application.Tests.csproj" />
    <Project Path="tests/CreditCalculator.Calculations.Tests/CreditCalculator.Calculations.Tests.csproj" />
    <Project Path="tests/CreditCalculator.Domain.Tests/CreditCalculator.Domain.Tests.csproj" />
  </Folder>
  <Project Path="CreditCalculator.Api/CreditCalculator.Api.csproj" />
  <Project Path="CreditCalculator.Application/CreditCalculator.Application.csproj" />
  <Project Path="CreditCalculator.Calculations/CreditCalculator.Calculations.csproj" />
  <Project Path="CreditCalculator.Domain/CreditCalculator.Domain.csproj" />
  <Project Path="CreditCalculator.Infrastructure/CreditCalculator.Infrastructure.csproj" />
</Solution>
