<Solution>
  <Folder Name="/tests/">
    <Project Path="tests/CreditCalculator.Calculations.Tests/CreditCalculator.Calculations.Tests.csproj" />
  </Folder>
  <Project Path="CreditCalculator.Api/CreditCalculator.Api.csproj" />
  <Project Path="CreditCalculator.Calculations/CreditCalculator.Calculations.csproj" />
</Solution>
